
Microsoft Visual Studio Solution File, Format Version 12.00
# Visual Studio Version 17
VisualStudioVersion = 17.6.33829.357
MinimumVisualStudioVersion = 10.0.40219.1
Project("{FAE04EC0-301F-11D3-BF4B-00C04F79EFBC}") = "imageuploadapi", "imageuploadapi.csproj", "{FD456918-0743-4056-B5FB-1DFB352A22E4}"
EndProject
Global
	GlobalSection(SolutionConfigurationPlatforms) = preSolution
		Debug|Any CPU = Debug|Any CPU
		Release|Any CPU = Release|Any CPU
	EndGlobalSection
	GlobalSection(ProjectConfigurationPlatforms) = postSolution
		{FD456918-0743-4056-B5FB-1DFB352A22E4}.Debug|Any CPU.ActiveCfg = Debug|Any CPU
		{FD456918-0743-4056-B5FB-1DFB352A22E4}.Debug|Any CPU.Build.0 = Debug|Any CPU
		{FD456918-0743-4056-B5FB-1DFB352A22E4}.Release|Any CPU.ActiveCfg = Release|Any CPU
		{FD456918-0743-4056-B5FB-1DFB352A22E4}.Release|Any CPU.Build.0 = Release|Any CPU
	EndGlobalSection
	GlobalSection(SolutionProperties) = preSolution
		HideSolutionNode = FALSE
	EndGlobalSection
	GlobalSection(ExtensibilityGlobals) = postSolution
		SolutionGuid = {D6FC72EB-2EFE-44FC-BEC4-A528BE323BBE}
	EndGlobalSection
EndGlobal
